# This file is automatically @generated by Cargo.
# It is not intended for manual editing.
version = 3

[[package]]
name = "dependent"
version = "0.1.0"
dependencies = [
 "private_dependency",
]

[[package]]
name = "private_dependency"
version = "0.1.0"
source = "git+https://github.com/outamaa/private_dependency.git#4c3257752e20ee1c0843557d1cf809e726220a47"
